github.com/ajmclaugh/HelloGo v0.0.0-20230915111712-1ed0ea19936f h1:u1UwD1+95E5QVr7f1dzWPhq8BkciCieTOFL2Ssww2eI=
github.com/ajmclaugh/HelloGo v0.0.0-20230915111712-1ed0ea19936f/go.mod h1:4QoWQsg8R4610dw/eLqOL0v0+xMtQTyJlvgkKdpR8GY=
github.com/softchris/math v0.2.0 h1:88L6PLRBGygS3LY5KGIJhyw9IZturmd2ksU+p13OPa4=
github.com/softchris/math v0.2.0/go.mod h1:v8WzhjKC+ipuH+i9IZ0Ta2IArniTP53gc5TgCINCqAo=
