github.com/ajmclaugh/HelloGo v0.0.0-20230915111712-1ed0ea19936f h1:u1UwD1+95E5QVr7f1dzWPhq8BkciCieTOFL2Ssww2eI=
github.com/ajmclaugh/HelloGo v0.0.0-20230915111712-1ed0ea19936f/go.mod h1:4QoWQsg8R4610dw/eLqOL0v0+xMtQTyJlvgkKdpR8GY=
github.com/google/uuid v1.3.1 h1:KjJaJ9iWZ3jOFZIf1Lqf4laDRCasjl0BCmnEGxkdLb4=
github.com/google/uuid v1.3.1/go.mod h1:TIyPZe4MgqvfeYDBFedMoGGpEw/LqOeaOT+nhxU+yHo=
